
Microsoft Visual Studio Solution File, Format Version 12.00
# Visual Studio Version 17
VisualStudioVersion = 17.0.31903.59
MinimumVisualStudioVersion = 10.0.40219.1
Project("{F2A71F9B-5D33-465A-A702-920D77279786}") = "FsMdParser", "FsMdParser\FsMdParser.fsproj", "{2B4128DE-96B1-4DEB-A383-69A5D8103CA3}"
EndProject
Project("{F2A71F9B-5D33-465A-A702-920D77279786}") = "FsMdParser.Test", "FsMdParser.Test\FsMdParser.Test.fsproj", "{26D8E3D6-CF62-4B16-8B31-9105CC39A089}"
EndProject
Global
	GlobalSection(SolutionConfigurationPlatforms) = preSolution
		Debug|Any CPU = Debug|Any CPU
		Release|Any CPU = Release|Any CPU
	EndGlobalSection
	GlobalSection(ProjectConfigurationPlatforms) = postSolution
		{2B4128DE-96B1-4DEB-A383-69A5D8103CA3}.Debug|Any CPU.ActiveCfg = Debug|Any CPU
		{2B4128DE-96B1-4DEB-A383-69A5D8103CA3}.Debug|Any CPU.Build.0 = Debug|Any CPU
		{2B4128DE-96B1-4DEB-A383-69A5D8103CA3}.Release|Any CPU.ActiveCfg = Release|Any CPU
		{2B4128DE-96B1-4DEB-A383-69A5D8103CA3}.Release|Any CPU.Build.0 = Release|Any CPU
		{26D8E3D6-CF62-4B16-8B31-9105CC39A089}.Debug|Any CPU.ActiveCfg = Debug|Any CPU
		{26D8E3D6-CF62-4B16-8B31-9105CC39A089}.Debug|Any CPU.Build.0 = Debug|Any CPU
		{26D8E3D6-CF62-4B16-8B31-9105CC39A089}.Release|Any CPU.ActiveCfg = Release|Any CPU
		{26D8E3D6-CF62-4B16-8B31-9105CC39A089}.Release|Any CPU.Build.0 = Release|Any CPU
	EndGlobalSection
	GlobalSection(SolutionProperties) = preSolution
		HideSolutionNode = FALSE
	EndGlobalSection
	GlobalSection(ExtensibilityGlobals) = postSolution
		SolutionGuid = {8FCF867D-8E37-46EA-8628-AB302D31487F}
	EndGlobalSection
EndGlobal
