
Microsoft Visual Studio Solution File, Format Version 12.00
# Visual Studio Version 17
VisualStudioVersion = 17.0.31903.59
MinimumVisualStudioVersion = 10.0.40219.1
Project("{F2A71F9B-5D33-465A-A702-920D77279786}") = "FsMdParser", "FsMdParser\FsMdParser.fsproj", "{7000E9D9-693C-4410-AFE6-0F99FBAF4063}"
EndProject
Project("{F2A71F9B-5D33-465A-A702-920D77279786}") = "FsMdParser.Test", "FsMdParser.Test\FsMdParser.Test.fsproj", "{B20B57D1-278E-463C-8A35-7FBA9FEF82B8}"
EndProject
Global
	GlobalSection(SolutionConfigurationPlatforms) = preSolution
		Debug|Any CPU = Debug|Any CPU
		Release|Any CPU = Release|Any CPU
	EndGlobalSection
	GlobalSection(SolutionProperties) = preSolution
		HideSolutionNode = FALSE
	EndGlobalSection
	GlobalSection(ProjectConfigurationPlatforms) = postSolution
		{7000E9D9-693C-4410-AFE6-0F99FBAF4063}.Debug|Any CPU.ActiveCfg = Debug|Any CPU
		{7000E9D9-693C-4410-AFE6-0F99FBAF4063}.Debug|Any CPU.Build.0 = Debug|Any CPU
		{7000E9D9-693C-4410-AFE6-0F99FBAF4063}.Release|Any CPU.ActiveCfg = Release|Any CPU
		{7000E9D9-693C-4410-AFE6-0F99FBAF4063}.Release|Any CPU.Build.0 = Release|Any CPU
		{B20B57D1-278E-463C-8A35-7FBA9FEF82B8}.Debug|Any CPU.ActiveCfg = Debug|Any CPU
		{B20B57D1-278E-463C-8A35-7FBA9FEF82B8}.Debug|Any CPU.Build.0 = Debug|Any CPU
		{B20B57D1-278E-463C-8A35-7FBA9FEF82B8}.Release|Any CPU.ActiveCfg = Release|Any CPU
		{B20B57D1-278E-463C-8A35-7FBA9FEF82B8}.Release|Any CPU.Build.0 = Release|Any CPU
	EndGlobalSection
EndGlobal
